// !$*UTF8*$!
{
	archiveVersion = 1;
	classes = {
	};
	objectVersion = 46;
	objects = {

/* Begin PBXBuildFile section */
		6716428113F98FB900C95F80 /* Statistics.m in Sources */ = {isa = PBXBuildFile; fileRef = 6716428013F98FB900C95F80 /* Statistics.m */; };
		6720DEC713F74BB500F43CA2 /* LingvoUniversalER.dict.ungz in Resources */ = {isa = PBXBuildFile; fileRef = 6720DEC613F74BB500F43CA2 /* LingvoUniversalER.dict.ungz */; };
		678586AC13F6835400A7155A /* ServiceManager.m in Sources */ = {isa = PBXBuildFile; fileRef = 678586AB13F6835400A7155A /* ServiceManager.m */; };
		678586B413F69B1100A7155A /* InfoPlist.strings in Resources */ = {isa = PBXBuildFile; fileRef = 678586AE13F69B1100A7155A /* InfoPlist.strings */; };
		678586B513F69B1100A7155A /* zTutorTests-Info.plist in Resources */ = {isa = PBXBuildFile; fileRef = 678586B013F69B1100A7155A /* zTutorTests-Info.plist */; };
		678586B813F69EE700A7155A /* SenTestingKit.framework in Frameworks */ = {isa = PBXBuildFile; fileRef = 678586B713F69EE700A7155A /* SenTestingKit.framework */; };
		678586BB13F6A2F600A7155A /* ServiceManagerTestCase.m in Sources */ = {isa = PBXBuildFile; fileRef = 678586BA13F6A2F600A7155A /* ServiceManagerTestCase.m */; };
		678586D013F6A7C600A7155A /* ServiceManagerTestCase.h in Sources */ = {isa = PBXBuildFile; fileRef = 678586B913F6A2F600A7155A /* ServiceManagerTestCase.h */; };
		678586D113F6A7C600A7155A /* ServiceManagerTestCase.m in Sources */ = {isa = PBXBuildFile; fileRef = 678586BA13F6A2F600A7155A /* ServiceManagerTestCase.m */; };
		67F2C54613FC51C000853FAD /* StackedCardView.m in Sources */ = {isa = PBXBuildFile; fileRef = 67F2C54413FC51C000853FAD /* StackedCardView.m */; };
		67F2C54913FC51D600853FAD /* CrossCardView.m in Sources */ = {isa = PBXBuildFile; fileRef = 67F2C54813FC51D600853FAD /* CrossCardView.m */; };
		67F2C54C13FC51F600853FAD /* ImageCardView.m in Sources */ = {isa = PBXBuildFile; fileRef = 67F2C54B13FC51F600853FAD /* ImageCardView.m */; };
		67F2C54F13FC520800853FAD /* ImageStackedCardView.m in Sources */ = {isa = PBXBuildFile; fileRef = 67F2C54E13FC520800853FAD /* ImageStackedCardView.m */; };
		67F2C55213FC522F00853FAD /* SoundCardView.m in Sources */ = {isa = PBXBuildFile; fileRef = 67F2C55113FC522F00853FAD /* SoundCardView.m */; };
		67F2C55513FC526D00853FAD /* GrammarViewCard.m in Sources */ = {isa = PBXBuildFile; fileRef = 67F2C55413FC526D00853FAD /* GrammarViewCard.m */; };
		67F2C55813FC527A00853FAD /* NewCardView.m in Sources */ = {isa = PBXBuildFile; fileRef = 67F2C55713FC527A00853FAD /* NewCardView.m */; };
		67F409CE13F70E4D00DAB1DE /* Article.m in Sources */ = {isa = PBXBuildFile; fileRef = 67F409CD13F70E4D00DAB1DE /* Article.m */; };
		67F97A0613F5D947003C012C /* UIKit.framework in Frameworks */ = {isa = PBXBuildFile; fileRef = 67F97A0513F5D947003C012C /* UIKit.framework */; };
		67F97A0813F5D947003C012C /* Foundation.framework in Frameworks */ = {isa = PBXBuildFile; fileRef = 67F97A0713F5D947003C012C /* Foundation.framework */; };
		67F97A0A13F5D947003C012C /* CoreGraphics.framework in Frameworks */ = {isa = PBXBuildFile; fileRef = 67F97A0913F5D947003C012C /* CoreGraphics.framework */; };
		67F97A2C13F5D947003C012C /* UIKit.framework in Frameworks */ = {isa = PBXBuildFile; fileRef = 67F97A0513F5D947003C012C /* UIKit.framework */; };
		67F97A2D13F5D947003C012C /* Foundation.framework in Frameworks */ = {isa = PBXBuildFile; fileRef = 67F97A0713F5D947003C012C /* Foundation.framework */; };
		67F97A2E13F5D947003C012C /* CoreGraphics.framework in Frameworks */ = {isa = PBXBuildFile; fileRef = 67F97A0913F5D947003C012C /* CoreGraphics.framework */; };
		67F97A6E13F5D9EC003C012C /* InfoPlist.strings in Resources */ = {isa = PBXBuildFile; fileRef = 67F97A4D13F5D9EC003C012C /* InfoPlist.strings */; };
		67F97A6F13F5D9EC003C012C /* main.m in Sources */ = {isa = PBXBuildFile; fileRef = 67F97A4F13F5D9EC003C012C /* main.m */; };
		67F97A7013F5D9EC003C012C /* LingvoUniversalER.idx in Resources */ = {isa = PBXBuildFile; fileRef = 67F97A5113F5D9EC003C012C /* LingvoUniversalER.idx */; };
		67F97A7113F5D9EC003C012C /* Search.png in Resources */ = {isa = PBXBuildFile; fileRef = 67F97A5213F5D9EC003C012C /* Search.png */; };
		67F97A7213F5D9EC003C012C /* Tag.png in Resources */ = {isa = PBXBuildFile; fileRef = 67F97A5313F5D9EC003C012C /* Tag.png */; };
		67F97A7413F5D9EC003C012C /* CardService.m in Sources */ = {isa = PBXBuildFile; fileRef = 67F97A5813F5D9EC003C012C /* CardService.m */; };
		67F97A7513F5D9EC003C012C /* DictionaryService.m in Sources */ = {isa = PBXBuildFile; fileRef = 67F97A5A13F5D9EC003C012C /* DictionaryService.m */; };
		67F97A7613F5D9EC003C012C /* NetworkService.m in Sources */ = {isa = PBXBuildFile; fileRef = 67F97A5C13F5D9EC003C012C /* NetworkService.m */; };
		67F97A7713F5D9EC003C012C /* ScheduleService.m in Sources */ = {isa = PBXBuildFile; fileRef = 67F97A5E13F5D9EC003C012C /* ScheduleService.m */; };
		67F97A7813F5D9EC003C012C /* SearchService.m in Sources */ = {isa = PBXBuildFile; fileRef = 67F97A6013F5D9EC003C012C /* SearchService.m */; };
		67F97A7913F5D9EC003C012C /* SynchronizationService.m in Sources */ = {isa = PBXBuildFile; fileRef = 67F97A6213F5D9EC003C012C /* SynchronizationService.m */; };
		67F97A7A13F5D9EC003C012C /* LearnViewController.m in Sources */ = {isa = PBXBuildFile; fileRef = 67F97A6513F5D9EC003C012C /* LearnViewController.m */; };
		67F97A7B13F5D9EC003C012C /* SearchViewController.m in Sources */ = {isa = PBXBuildFile; fileRef = 67F97A6713F5D9EC003C012C /* SearchViewController.m */; };
		67F97A7C13F5D9EC003C012C /* TranslateViewController.m in Sources */ = {isa = PBXBuildFile; fileRef = 67F97A6913F5D9EC003C012C /* TranslateViewController.m */; };
		67F97A7D13F5D9EC003C012C /* zTutor-Info.plist in Resources */ = {isa = PBXBuildFile; fileRef = 67F97A6A13F5D9EC003C012C /* zTutor-Info.plist */; };
		67F97A7E13F5D9EC003C012C /* zTutorAppDelegate.m in Sources */ = {isa = PBXBuildFile; fileRef = 67F97A6D13F5D9EC003C012C /* zTutorAppDelegate.m */; };
/* End PBXBuildFile section */

/* Begin PBXContainerItemProxy section */
		67F97A2F13F5D947003C012C /* PBXContainerItemProxy */ = {
			isa = PBXContainerItemProxy;
			containerPortal = 67F979F813F5D947003C012C /* Project object */;
			proxyType = 1;
			remoteGlobalIDString = 67F97A0013F5D947003C012C;
			remoteInfo = zTutor;
		};
/* End PBXContainerItemProxy section */

/* Begin PBXFileReference section */
		670B533613FAF1B40062FC34 /* ICard.h */ = {isa = PBXFileReference; fileEncoding = 4; lastKnownFileType = sourcecode.c.h; name = ICard.h; path = cards/ICard.h; sourceTree = "<group>"; };
		670B533713FAF3400062FC34 /* ICardPacket.h */ = {isa = PBXFileReference; fileEncoding = 4; lastKnownFileType = sourcecode.c.h; name = ICardPacket.h; path = cards/ICardPacket.h; sourceTree = "<group>"; };
		670B533813FAF3910062FC34 /* ICardView.h */ = {isa = PBXFileReference; fileEncoding = 4; lastKnownFileType = sourcecode.c.h; name = ICardView.h; path = cards/ICardView.h; sourceTree = "<group>"; };
		6716427F13F98FB900C95F80 /* Statistics.h */ = {isa = PBXFileReference; fileEncoding = 4; lastKnownFileType = sourcecode.c.h; path = Statistics.h; sourceTree = "<group>"; };
		6716428013F98FB900C95F80 /* Statistics.m */ = {isa = PBXFileReference; fileEncoding = 4; lastKnownFileType = sourcecode.c.objc; path = Statistics.m; sourceTree = "<group>"; };
		6720DEC613F74BB500F43CA2 /* LingvoUniversalER.dict.ungz */ = {isa = PBXFileReference; fileEncoding = 4; lastKnownFileType = text; path = LingvoUniversalER.dict.ungz; sourceTree = "<group>"; };
		678586AA13F6835400A7155A /* ServiceManager.h */ = {isa = PBXFileReference; fileEncoding = 4; lastKnownFileType = sourcecode.c.h; path = ServiceManager.h; sourceTree = "<group>"; };
		678586AB13F6835400A7155A /* ServiceManager.m */ = {isa = PBXFileReference; fileEncoding = 4; lastKnownFileType = sourcecode.c.objc; path = ServiceManager.m; sourceTree = "<group>"; };
		678586AF13F69B1100A7155A /* en */ = {isa = PBXFileReference; lastKnownFileType = text.plist.strings; name = en; path = en.lproj/InfoPlist.strings; sourceTree = "<group>"; };
		678586B013F69B1100A7155A /* zTutorTests-Info.plist */ = {isa = PBXFileReference; fileEncoding = 4; lastKnownFileType = text.plist.xml; path = "zTutorTests-Info.plist"; sourceTree = "<group>"; };
		678586B113F69B1100A7155A /* zTutorTests-Prefix.pch */ = {isa = PBXFileReference; fileEncoding = 4; lastKnownFileType = sourcecode.c.h; path = "zTutorTests-Prefix.pch"; sourceTree = "<group>"; };
		678586B713F69EE700A7155A /* SenTestingKit.framework */ = {isa = PBXFileReference; lastKnownFileType = wrapper.framework; name = SenTestingKit.framework; path = Library/Frameworks/SenTestingKit.framework; sourceTree = DEVELOPER_DIR; };
		678586B913F6A2F600A7155A /* ServiceManagerTestCase.h */ = {isa = PBXFileReference; fileEncoding = 4; lastKnownFileType = sourcecode.c.h; path = ServiceManagerTestCase.h; sourceTree = "<group>"; };
		678586BA13F6A2F600A7155A /* ServiceManagerTestCase.m */ = {isa = PBXFileReference; fileEncoding = 4; lastKnownFileType = sourcecode.c.objc; path = ServiceManagerTestCase.m; sourceTree = "<group>"; };
		67F2C54413FC51C000853FAD /* StackedCardView.m */ = {isa = PBXFileReference; fileEncoding = 4; lastKnownFileType = sourcecode.c.objc; name = StackedCardView.m; path = cards/StackedCardView.m; sourceTree = "<group>"; };
		67F2C54513FC51C000853FAD /* StackedCardView.h */ = {isa = PBXFileReference; fileEncoding = 4; lastKnownFileType = sourcecode.c.h; name = StackedCardView.h; path = cards/StackedCardView.h; sourceTree = "<group>"; };
		67F2C54713FC51D600853FAD /* CrossCardView.h */ = {isa = PBXFileReference; fileEncoding = 4; lastKnownFileType = sourcecode.c.h; path = CrossCardView.h; sourceTree = "<group>"; };
		67F2C54813FC51D600853FAD /* CrossCardView.m */ = {isa = PBXFileReference; fileEncoding = 4; lastKnownFileType = sourcecode.c.objc; path = CrossCardView.m; sourceTree = "<group>"; };
		67F2C54A13FC51F600853FAD /* ImageCardView.h */ = {isa = PBXFileReference; fileEncoding = 4; lastKnownFileType = sourcecode.c.h; path = ImageCardView.h; sourceTree = "<group>"; };
		67F2C54B13FC51F600853FAD /* ImageCardView.m */ = {isa = PBXFileReference; fileEncoding = 4; lastKnownFileType = sourcecode.c.objc; path = ImageCardView.m; sourceTree = "<group>"; };
		67F2C54D13FC520800853FAD /* ImageStackedCardView.h */ = {isa = PBXFileReference; fileEncoding = 4; lastKnownFileType = sourcecode.c.h; path = ImageStackedCardView.h; sourceTree = "<group>"; };
		67F2C54E13FC520800853FAD /* ImageStackedCardView.m */ = {isa = PBXFileReference; fileEncoding = 4; lastKnownFileType = sourcecode.c.objc; path = ImageStackedCardView.m; sourceTree = "<group>"; };
		67F2C55013FC522F00853FAD /* SoundCardView.h */ = {isa = PBXFileReference; fileEncoding = 4; lastKnownFileType = sourcecode.c.h; path = SoundCardView.h; sourceTree = "<group>"; };
		67F2C55113FC522F00853FAD /* SoundCardView.m */ = {isa = PBXFileReference; fileEncoding = 4; lastKnownFileType = sourcecode.c.objc; path = SoundCardView.m; sourceTree = "<group>"; };
		67F2C55313FC526C00853FAD /* GrammarViewCard.h */ = {isa = PBXFileReference; fileEncoding = 4; lastKnownFileType = sourcecode.c.h; path = GrammarViewCard.h; sourceTree = "<group>"; };
		67F2C55413FC526D00853FAD /* GrammarViewCard.m */ = {isa = PBXFileReference; fileEncoding = 4; lastKnownFileType = sourcecode.c.objc; path = GrammarViewCard.m; sourceTree = "<group>"; };
		67F2C55613FC527A00853FAD /* NewCardView.h */ = {isa = PBXFileReference; fileEncoding = 4; lastKnownFileType = sourcecode.c.h; path = NewCardView.h; sourceTree = "<group>"; };
		67F2C55713FC527A00853FAD /* NewCardView.m */ = {isa = PBXFileReference; fileEncoding = 4; lastKnownFileType = sourcecode.c.objc; path = NewCardView.m; sourceTree = "<group>"; };
		67F409CC13F70E4D00DAB1DE /* Article.h */ = {isa = PBXFileReference; fileEncoding = 4; lastKnownFileType = sourcecode.c.h; path = Article.h; sourceTree = "<group>"; };
		67F409CD13F70E4D00DAB1DE /* Article.m */ = {isa = PBXFileReference; fileEncoding = 4; lastKnownFileType = sourcecode.c.objc; path = Article.m; sourceTree = "<group>"; };
		67F97A0113F5D947003C012C /* zTutor.app */ = {isa = PBXFileReference; explicitFileType = wrapper.application; includeInIndex = 0; path = zTutor.app; sourceTree = BUILT_PRODUCTS_DIR; };
		67F97A0513F5D947003C012C /* UIKit.framework */ = {isa = PBXFileReference; lastKnownFileType = wrapper.framework; name = UIKit.framework; path = System/Library/Frameworks/UIKit.framework; sourceTree = SDKROOT; };
		67F97A0713F5D947003C012C /* Foundation.framework */ = {isa = PBXFileReference; lastKnownFileType = wrapper.framework; name = Foundation.framework; path = System/Library/Frameworks/Foundation.framework; sourceTree = SDKROOT; };
		67F97A0913F5D947003C012C /* CoreGraphics.framework */ = {isa = PBXFileReference; lastKnownFileType = wrapper.framework; name = CoreGraphics.framework; path = System/Library/Frameworks/CoreGraphics.framework; sourceTree = SDKROOT; };
		67F97A2B13F5D947003C012C /* zTutorTests.octest */ = {isa = PBXFileReference; explicitFileType = wrapper.cfbundle; includeInIndex = 0; path = zTutorTests.octest; sourceTree = BUILT_PRODUCTS_DIR; };
		67F97A4E13F5D9EC003C012C /* en */ = {isa = PBXFileReference; lastKnownFileType = text.plist.strings; name = en; path = en.lproj/InfoPlist.strings; sourceTree = "<group>"; };
		67F97A4F13F5D9EC003C012C /* main.m */ = {isa = PBXFileReference; fileEncoding = 4; lastKnownFileType = sourcecode.c.objc; path = main.m; sourceTree = "<group>"; };
		67F97A5113F5D9EC003C012C /* LingvoUniversalER.idx */ = {isa = PBXFileReference; lastKnownFileType = file; path = LingvoUniversalER.idx; sourceTree = "<group>"; };
		67F97A5213F5D9EC003C012C /* Search.png */ = {isa = PBXFileReference; lastKnownFileType = image.png; path = Search.png; sourceTree = "<group>"; };
		67F97A5313F5D9EC003C012C /* Tag.png */ = {isa = PBXFileReference; lastKnownFileType = image.png; path = Tag.png; sourceTree = "<group>"; };
		67F97A5513F5D9EC003C012C /* IService.h */ = {isa = PBXFileReference; fileEncoding = 4; lastKnownFileType = sourcecode.c.h; path = IService.h; sourceTree = "<group>"; };
		67F97A5713F5D9EC003C012C /* CardService.h */ = {isa = PBXFileReference; fileEncoding = 4; lastKnownFileType = sourcecode.c.h; path = CardService.h; sourceTree = "<group>"; };
		67F97A5813F5D9EC003C012C /* CardService.m */ = {isa = PBXFileReference; fileEncoding = 4; lastKnownFileType = sourcecode.c.objc; path = CardService.m; sourceTree = "<group>"; };
		67F97A5913F5D9EC003C012C /* DictionaryService.h */ = {isa = PBXFileReference; fileEncoding = 4; lastKnownFileType = sourcecode.c.h; path = DictionaryService.h; sourceTree = "<group>"; };
		67F97A5A13F5D9EC003C012C /* DictionaryService.m */ = {isa = PBXFileReference; fileEncoding = 4; lastKnownFileType = sourcecode.c.objc; path = DictionaryService.m; sourceTree = "<group>"; };
		67F97A5B13F5D9EC003C012C /* NetworkService.h */ = {isa = PBXFileReference; fileEncoding = 4; lastKnownFileType = sourcecode.c.h; path = NetworkService.h; sourceTree = "<group>"; };
		67F97A5C13F5D9EC003C012C /* NetworkService.m */ = {isa = PBXFileReference; fileEncoding = 4; lastKnownFileType = sourcecode.c.objc; path = NetworkService.m; sourceTree = "<group>"; };
		67F97A5D13F5D9EC003C012C /* ScheduleService.h */ = {isa = PBXFileReference; fileEncoding = 4; lastKnownFileType = sourcecode.c.h; path = ScheduleService.h; sourceTree = "<group>"; };
		67F97A5E13F5D9EC003C012C /* ScheduleService.m */ = {isa = PBXFileReference; fileEncoding = 4; lastKnownFileType = sourcecode.c.objc; path = ScheduleService.m; sourceTree = "<group>"; };
		67F97A5F13F5D9EC003C012C /* SearchService.h */ = {isa = PBXFileReference; fileEncoding = 4; lastKnownFileType = sourcecode.c.h; path = SearchService.h; sourceTree = "<group>"; };
		67F97A6013F5D9EC003C012C /* SearchService.m */ = {isa = PBXFileReference; fileEncoding = 4; lastKnownFileType = sourcecode.c.objc; path = SearchService.m; sourceTree = "<group>"; };
		67F97A6113F5D9EC003C012C /* SynchronizationService.h */ = {isa = PBXFileReference; fileEncoding = 4; lastKnownFileType = sourcecode.c.h; path = SynchronizationService.h; sourceTree = "<group>"; };
		67F97A6213F5D9EC003C012C /* SynchronizationService.m */ = {isa = PBXFileReference; fileEncoding = 4; lastKnownFileType = sourcecode.c.objc; path = SynchronizationService.m; sourceTree = "<group>"; };
		67F97A6413F5D9EC003C012C /* LearnViewController.h */ = {isa = PBXFileReference; fileEncoding = 4; lastKnownFileType = sourcecode.c.h; path = LearnViewController.h; sourceTree = "<group>"; };
		67F97A6513F5D9EC003C012C /* LearnViewController.m */ = {isa = PBXFileReference; fileEncoding = 4; lastKnownFileType = sourcecode.c.objc; path = LearnViewController.m; sourceTree = "<group>"; };
		67F97A6613F5D9EC003C012C /* SearchViewController.h */ = {isa = PBXFileReference; fileEncoding = 4; lastKnownFileType = sourcecode.c.h; path = SearchViewController.h; sourceTree = "<group>"; };
		67F97A6713F5D9EC003C012C /* SearchViewController.m */ = {isa = PBXFileReference; fileEncoding = 4; lastKnownFileType = sourcecode.c.objc; path = SearchViewController.m; sourceTree = "<group>"; };
		67F97A6813F5D9EC003C012C /* TranslateViewController.h */ = {isa = PBXFileReference; fileEncoding = 4; lastKnownFileType = sourcecode.c.h; path = TranslateViewController.h; sourceTree = "<group>"; };
		67F97A6913F5D9EC003C012C /* TranslateViewController.m */ = {isa = PBXFileReference; fileEncoding = 4; lastKnownFileType = sourcecode.c.objc; path = TranslateViewController.m; sourceTree = "<group>"; };
		67F97A6A13F5D9EC003C012C /* zTutor-Info.plist */ = {isa = PBXFileReference; fileEncoding = 4; lastKnownFileType = text.plist.xml; path = "zTutor-Info.plist"; sourceTree = "<group>"; };
		67F97A6B13F5D9EC003C012C /* zTutor-Prefix.pch */ = {isa = PBXFileReference; fileEncoding = 4; lastKnownFileType = sourcecode.c.h; path = "zTutor-Prefix.pch"; sourceTree = "<group>"; };
		67F97A6C13F5D9EC003C012C /* zTutorAppDelegate.h */ = {isa = PBXFileReference; fileEncoding = 4; lastKnownFileType = sourcecode.c.h; path = zTutorAppDelegate.h; sourceTree = "<group>"; };
		67F97A6D13F5D9EC003C012C /* zTutorAppDelegate.m */ = {isa = PBXFileReference; fileEncoding = 4; lastKnownFileType = sourcecode.c.objc; path = zTutorAppDelegate.m; sourceTree = "<group>"; };
/* End PBXFileReference section */

/* Begin PBXFrameworksBuildPhase section */
		67F979FE13F5D947003C012C /* Frameworks */ = {
			isa = PBXFrameworksBuildPhase;
			buildActionMask = 2147483647;
			files = (
				678586B813F69EE700A7155A /* SenTestingKit.framework in Frameworks */,
				67F97A0613F5D947003C012C /* UIKit.framework in Frameworks */,
				67F97A0813F5D947003C012C /* Foundation.framework in Frameworks */,
				67F97A0A13F5D947003C012C /* CoreGraphics.framework in Frameworks */,
			);
			runOnlyForDeploymentPostprocessing = 0;
		};
		67F97A2713F5D947003C012C /* Frameworks */ = {
			isa = PBXFrameworksBuildPhase;
			buildActionMask = 2147483647;
			files = (
				67F97A2C13F5D947003C012C /* UIKit.framework in Frameworks */,
				67F97A2D13F5D947003C012C /* Foundation.framework in Frameworks */,
				67F97A2E13F5D947003C012C /* CoreGraphics.framework in Frameworks */,
			);
			runOnlyForDeploymentPostprocessing = 0;
		};
/* End PBXFrameworksBuildPhase section */

/* Begin PBXGroup section */
		670B533413FAF14A0062FC34 /* cards */ = {
			isa = PBXGroup;
			children = (
				67F2C54413FC51C000853FAD /* StackedCardView.m */,
				67F2C54513FC51C000853FAD /* StackedCardView.h */,
				670B533813FAF3910062FC34 /* ICardView.h */,
				670B533713FAF3400062FC34 /* ICardPacket.h */,
				670B533613FAF1B40062FC34 /* ICard.h */,
				67F2C54713FC51D600853FAD /* CrossCardView.h */,
				67F2C54813FC51D600853FAD /* CrossCardView.m */,
				67F2C54A13FC51F600853FAD /* ImageCardView.h */,
				67F2C54B13FC51F600853FAD /* ImageCardView.m */,
				67F2C54D13FC520800853FAD /* ImageStackedCardView.h */,
				67F2C54E13FC520800853FAD /* ImageStackedCardView.m */,
				67F2C55013FC522F00853FAD /* SoundCardView.h */,
				67F2C55113FC522F00853FAD /* SoundCardView.m */,
				67F2C55313FC526C00853FAD /* GrammarViewCard.h */,
				67F2C55413FC526D00853FAD /* GrammarViewCard.m */,
				67F2C55613FC527A00853FAD /* NewCardView.h */,
				67F2C55713FC527A00853FAD /* NewCardView.m */,
			);
			name = cards;
			sourceTree = "<group>";
		};
		678586AD13F69B1100A7155A /* zTutorTests */ = {
			isa = PBXGroup;
			children = (
				678586AE13F69B1100A7155A /* InfoPlist.strings */,
				678586B013F69B1100A7155A /* zTutorTests-Info.plist */,
				678586B113F69B1100A7155A /* zTutorTests-Prefix.pch */,
				678586B913F6A2F600A7155A /* ServiceManagerTestCase.h */,
				678586BA13F6A2F600A7155A /* ServiceManagerTestCase.m */,
			);
			path = zTutorTests;
			sourceTree = "<group>";
		};
		67F979F613F5D947003C012C = {
			isa = PBXGroup;
			children = (
				678586AD13F69B1100A7155A /* zTutorTests */,
				67F97A4C13F5D9EC003C012C /* zTutor */,
				67F97A0413F5D947003C012C /* Frameworks */,
				67F97A0213F5D947003C012C /* Products */,
			);
			sourceTree = "<group>";
		};
		67F97A0213F5D947003C012C /* Products */ = {
			isa = PBXGroup;
			children = (
				67F97A0113F5D947003C012C /* zTutor.app */,
				67F97A2B13F5D947003C012C /* zTutorTests.octest */,
			);
			name = Products;
			sourceTree = "<group>";
		};
		67F97A0413F5D947003C012C /* Frameworks */ = {
			isa = PBXGroup;
			children = (
				678586B713F69EE700A7155A /* SenTestingKit.framework */,
				67F97A0513F5D947003C012C /* UIKit.framework */,
				67F97A0713F5D947003C012C /* Foundation.framework */,
				67F97A0913F5D947003C012C /* CoreGraphics.framework */,
			);
			name = Frameworks;
			sourceTree = "<group>";
		};
		67F97A4C13F5D9EC003C012C /* zTutor */ = {
			isa = PBXGroup;
			children = (
				670B533413FAF14A0062FC34 /* cards */,
				67F97A4D13F5D9EC003C012C /* InfoPlist.strings */,
				67F97A4F13F5D9EC003C012C /* main.m */,
				67F97A5013F5D9EC003C012C /* resources */,
				67F97A5413F5D9EC003C012C /* services */,
				67F97A6313F5D9EC003C012C /* viewControllers */,
				67F97A6A13F5D9EC003C012C /* zTutor-Info.plist */,
				67F97A6B13F5D9EC003C012C /* zTutor-Prefix.pch */,
				67F97A6C13F5D9EC003C012C /* zTutorAppDelegate.h */,
				67F97A6D13F5D9EC003C012C /* zTutorAppDelegate.m */,
				67F409CC13F70E4D00DAB1DE /* Article.h */,
				67F409CD13F70E4D00DAB1DE /* Article.m */,
				6716427F13F98FB900C95F80 /* Statistics.h */,
				6716428013F98FB900C95F80 /* Statistics.m */,
			);
			path = zTutor;
			sourceTree = "<group>";
		};
		67F97A5013F5D9EC003C012C /* resources */ = {
			isa = PBXGroup;
			children = (
				6720DEC613F74BB500F43CA2 /* LingvoUniversalER.dict.ungz */,
				67F97A5113F5D9EC003C012C /* LingvoUniversalER.idx */,
				67F97A5213F5D9EC003C012C /* Search.png */,
				67F97A5313F5D9EC003C012C /* Tag.png */,
			);
			path = resources;
			sourceTree = "<group>";
		};
		67F97A5413F5D9EC003C012C /* services */ = {
			isa = PBXGroup;
			children = (
				67F97A5513F5D9EC003C012C /* IService.h */,
				67F97A5713F5D9EC003C012C /* CardService.h */,
				67F97A5813F5D9EC003C012C /* CardService.m */,
				67F97A5913F5D9EC003C012C /* DictionaryService.h */,
				67F97A5A13F5D9EC003C012C /* DictionaryService.m */,
				67F97A5B13F5D9EC003C012C /* NetworkService.h */,
				67F97A5C13F5D9EC003C012C /* NetworkService.m */,
				67F97A5D13F5D9EC003C012C /* ScheduleService.h */,
				67F97A5E13F5D9EC003C012C /* ScheduleService.m */,
				67F97A5F13F5D9EC003C012C /* SearchService.h */,
				67F97A6013F5D9EC003C012C /* SearchService.m */,
				67F97A6113F5D9EC003C012C /* SynchronizationService.h */,
				67F97A6213F5D9EC003C012C /* SynchronizationService.m */,
				678586AA13F6835400A7155A /* ServiceManager.h */,
				678586AB13F6835400A7155A /* ServiceManager.m */,
			);
			path = services;
			sourceTree = "<group>";
		};
		67F97A6313F5D9EC003C012C /* viewControllers */ = {
			isa = PBXGroup;
			children = (
				67F97A6413F5D9EC003C012C /* LearnViewController.h */,
				67F97A6513F5D9EC003C012C /* LearnViewController.m */,
				67F97A6613F5D9EC003C012C /* SearchViewController.h */,
				67F97A6713F5D9EC003C012C /* SearchViewController.m */,
				67F97A6813F5D9EC003C012C /* TranslateViewController.h */,
				67F97A6913F5D9EC003C012C /* TranslateViewController.m */,
			);
			path = viewControllers;
			sourceTree = "<group>";
		};
/* End PBXGroup section */

/* Begin PBXNativeTarget section */
		67F97A0013F5D947003C012C /* zTutor */ = {
			isa = PBXNativeTarget;
			buildConfigurationList = 67F97A3E13F5D947003C012C /* Build configuration list for PBXNativeTarget "zTutor" */;
			buildPhases = (
				67F979FD13F5D947003C012C /* Sources */,
				67F979FE13F5D947003C012C /* Frameworks */,
				67F979FF13F5D947003C012C /* Resources */,
			);
			buildRules = (
			);
			dependencies = (
			);
			name = zTutor;
			productName = zTutor;
			productReference = 67F97A0113F5D947003C012C /* zTutor.app */;
			productType = "com.apple.product-type.application";
		};
		67F97A2A13F5D947003C012C /* zTutorTests */ = {
			isa = PBXNativeTarget;
			buildConfigurationList = 67F97A4113F5D947003C012C /* Build configuration list for PBXNativeTarget "zTutorTests" */;
			buildPhases = (
				67F97A2613F5D947003C012C /* Sources */,
				67F97A2713F5D947003C012C /* Frameworks */,
				67F97A2813F5D947003C012C /* Resources */,
				67F97A2913F5D947003C012C /* ShellScript */,
			);
			buildRules = (
			);
			dependencies = (
				67F97A3013F5D947003C012C /* PBXTargetDependency */,
			);
			name = zTutorTests;
			productName = zTutorTests;
			productReference = 67F97A2B13F5D947003C012C /* zTutorTests.octest */;
			productType = "com.apple.product-type.bundle";
		};
/* End PBXNativeTarget section */

/* Begin PBXProject section */
		67F979F813F5D947003C012C /* Project object */ = {
			isa = PBXProject;
			buildConfigurationList = 67F979FB13F5D947003C012C /* Build configuration list for PBXProject "zTutor" */;
			compatibilityVersion = "Xcode 3.2";
			developmentRegion = English;
			hasScannedForEncodings = 0;
			knownRegions = (
				en,
			);
			mainGroup = 67F979F613F5D947003C012C;
			productRefGroup = 67F97A0213F5D947003C012C /* Products */;
			projectDirPath = "";
			projectRoot = "";
			targets = (
				67F97A0013F5D947003C012C /* zTutor */,
				67F97A2A13F5D947003C012C /* zTutorTests */,
			);
		};
/* End PBXProject section */

/* Begin PBXResourcesBuildPhase section */
		67F979FF13F5D947003C012C /* Resources */ = {
			isa = PBXResourcesBuildPhase;
			buildActionMask = 2147483647;
			files = (
				67F97A6E13F5D9EC003C012C /* InfoPlist.strings in Resources */,
				67F97A7013F5D9EC003C012C /* LingvoUniversalER.idx in Resources */,
				67F97A7113F5D9EC003C012C /* Search.png in Resources */,
				67F97A7213F5D9EC003C012C /* Tag.png in Resources */,
				67F97A7D13F5D9EC003C012C /* zTutor-Info.plist in Resources */,
				678586B413F69B1100A7155A /* InfoPlist.strings in Resources */,
				678586B513F69B1100A7155A /* zTutorTests-Info.plist in Resources */,
				6720DEC713F74BB500F43CA2 /* LingvoUniversalER.dict.ungz in Resources */,
			);
			runOnlyForDeploymentPostprocessing = 0;
		};
		67F97A2813F5D947003C012C /* Resources */ = {
			isa = PBXResourcesBuildPhase;
			buildActionMask = 2147483647;
			files = (
			);
			runOnlyForDeploymentPostprocessing = 0;
		};
/* End PBXResourcesBuildPhase section */

/* Begin PBXShellScriptBuildPhase section */
		67F97A2913F5D947003C012C /* ShellScript */ = {
			isa = PBXShellScriptBuildPhase;
			buildActionMask = 2147483647;
			files = (
			);
			inputPaths = (
			);
			outputPaths = (
			);
			runOnlyForDeploymentPostprocessing = 0;
			shellPath = /bin/sh;
			shellScript = "# Run the unit tests in this test bundle.\n\"${SYSTEM_DEVELOPER_DIR}/Tools/RunUnitTests\"\n";
		};
/* End PBXShellScriptBuildPhase section */

/* Begin PBXSourcesBuildPhase section */
		67F979FD13F5D947003C012C /* Sources */ = {
			isa = PBXSourcesBuildPhase;
			buildActionMask = 2147483647;
			files = (
				67F97A6F13F5D9EC003C012C /* main.m in Sources */,
				67F97A7413F5D9EC003C012C /* CardService.m in Sources */,
				67F97A7513F5D9EC003C012C /* DictionaryService.m in Sources */,
				67F97A7613F5D9EC003C012C /* NetworkService.m in Sources */,
				67F97A7713F5D9EC003C012C /* ScheduleService.m in Sources */,
				67F97A7813F5D9EC003C012C /* SearchService.m in Sources */,
				67F97A7913F5D9EC003C012C /* SynchronizationService.m in Sources */,
				67F97A7A13F5D9EC003C012C /* LearnViewController.m in Sources */,
				67F97A7B13F5D9EC003C012C /* SearchViewController.m in Sources */,
				67F97A7C13F5D9EC003C012C /* TranslateViewController.m in Sources */,
				67F97A7E13F5D9EC003C012C /* zTutorAppDelegate.m in Sources */,
				678586AC13F6835400A7155A /* ServiceManager.m in Sources */,
				678586BB13F6A2F600A7155A /* ServiceManagerTestCase.m in Sources */,
				67F409CE13F70E4D00DAB1DE /* Article.m in Sources */,
				6716428113F98FB900C95F80 /* Statistics.m in Sources */,
				67F2C54613FC51C000853FAD /* StackedCardView.m in Sources */,
				67F2C54913FC51D600853FAD /* CrossCardView.m in Sources */,
				67F2C54C13FC51F600853FAD /* ImageCardView.m in Sources */,
				67F2C54F13FC520800853FAD /* ImageStackedCardView.m in Sources */,
				67F2C55213FC522F00853FAD /* SoundCardView.m in Sources */,
				67F2C55513FC526D00853FAD /* GrammarViewCard.m in Sources */,
				67F2C55813FC527A00853FAD /* NewCardView.m in Sources */,
			);
			runOnlyForDeploymentPostprocessing = 0;
		};
		67F97A2613F5D947003C012C /* Sources */ = {
			isa = PBXSourcesBuildPhase;
			buildActionMask = 2147483647;
			files = (
				678586D013F6A7C600A7155A /* ServiceManagerTestCase.h in Sources */,
				678586D113F6A7C600A7155A /* ServiceManagerTestCase.m in Sources */,
			);
			runOnlyForDeploymentPostprocessing = 0;
		};
/* End PBXSourcesBuildPhase section */

/* Begin PBXTargetDependency section */
		67F97A3013F5D947003C012C /* PBXTargetDependency */ = {
			isa = PBXTargetDependency;
			target = 67F97A0013F5D947003C012C /* zTutor */;
			targetProxy = 67F97A2F13F5D947003C012C /* PBXContainerItemProxy */;
		};
/* End PBXTargetDependency section */

/* Begin PBXVariantGroup section */
		678586AE13F69B1100A7155A /* InfoPlist.strings */ = {
			isa = PBXVariantGroup;
			children = (
				678586AF13F69B1100A7155A /* en */,
			);
			name = InfoPlist.strings;
			sourceTree = "<group>";
		};
		67F97A4D13F5D9EC003C012C /* InfoPlist.strings */ = {
			isa = PBXVariantGroup;
			children = (
				67F97A4E13F5D9EC003C012C /* en */,
			);
			name = InfoPlist.strings;
			sourceTree = "<group>";
		};
/* End PBXVariantGroup section */

/* Begin XCBuildConfiguration section */
		67F97A3C13F5D947003C012C /* Debug */ = {
			isa = XCBuildConfiguration;
			buildSettings = {
				ARCHS = "$(ARCHS_STANDARD_32_BIT)";
				"CODE_SIGN_IDENTITY[sdk=iphoneos*]" = "iPhone Developer";
				GCC_C_LANGUAGE_STANDARD = gnu99;
				GCC_OPTIMIZATION_LEVEL = 0;
				GCC_PREPROCESSOR_DEFINITIONS = DEBUG;
				GCC_SYMBOLS_PRIVATE_EXTERN = NO;
				GCC_VERSION = com.apple.compilers.llvmgcc42;
				GCC_WARN_ABOUT_RETURN_TYPE = YES;
				GCC_WARN_UNUSED_VARIABLE = YES;
				IPHONEOS_DEPLOYMENT_TARGET = 4.3;
				SDKROOT = iphoneos;
			};
			name = Debug;
		};
		67F97A3D13F5D947003C012C /* Release */ = {
			isa = XCBuildConfiguration;
			buildSettings = {
				ARCHS = "$(ARCHS_STANDARD_32_BIT)";
				"CODE_SIGN_IDENTITY[sdk=iphoneos*]" = "iPhone Developer";
				GCC_C_LANGUAGE_STANDARD = gnu99;
				GCC_VERSION = com.apple.compilers.llvmgcc42;
				GCC_WARN_ABOUT_RETURN_TYPE = YES;
				GCC_WARN_UNUSED_VARIABLE = YES;
				IPHONEOS_DEPLOYMENT_TARGET = 4.3;
				OTHER_CFLAGS = "-DNS_BLOCK_ASSERTIONS=1";
				SDKROOT = iphoneos;
			};
			name = Release;
		};
		67F97A3F13F5D947003C012C /* Debug */ = {
			isa = XCBuildConfiguration;
			buildSettings = {
				ALWAYS_SEARCH_USER_PATHS = NO;
				COPY_PHASE_STRIP = NO;
				FRAMEWORK_SEARCH_PATHS = (
					"$(inherited)",
					"\"$(DEVELOPER_FRAMEWORKS_DIR)\"",
				);
				GCC_DYNAMIC_NO_PIC = NO;
				GCC_PRECOMPILE_PREFIX_HEADER = YES;
				GCC_PREFIX_HEADER = "zTutor/zTutor-Prefix.pch";
				INFOPLIST_FILE = "zTutor/zTutor-Info.plist";
				PRODUCT_NAME = "$(TARGET_NAME)";
				WRAPPER_EXTENSION = app;
			};
			name = Debug;
		};
		67F97A4013F5D947003C012C /* Release */ = {
			isa = XCBuildConfiguration;
			buildSettings = {
				ALWAYS_SEARCH_USER_PATHS = NO;
				COPY_PHASE_STRIP = YES;
				FRAMEWORK_SEARCH_PATHS = (
					"$(inherited)",
					"\"$(DEVELOPER_FRAMEWORKS_DIR)\"",
				);
				GCC_PRECOMPILE_PREFIX_HEADER = YES;
				GCC_PREFIX_HEADER = "zTutor/zTutor-Prefix.pch";
				INFOPLIST_FILE = "zTutor/zTutor-Info.plist";
				PRODUCT_NAME = "$(TARGET_NAME)";
				VALIDATE_PRODUCT = YES;
				WRAPPER_EXTENSION = app;
			};
			name = Release;
		};
		67F97A4213F5D947003C012C /* Debug */ = {
			isa = XCBuildConfiguration;
			buildSettings = {
				ALWAYS_SEARCH_USER_PATHS = NO;
				BUNDLE_LOADER = "$(BUILT_PRODUCTS_DIR)/zTutor.app/zTutor";
				FRAMEWORK_SEARCH_PATHS = (
					"$(SDKROOT)/Developer/Library/Frameworks",
					"$(DEVELOPER_LIBRARY_DIR)/Frameworks",
				);
				GCC_PRECOMPILE_PREFIX_HEADER = YES;
				GCC_PREFIX_HEADER = "zTutorTests/zTutorTests-Prefix.pch";
				INFOPLIST_FILE = "zTutorTests/zTutorTests-Info.plist";
				OTHER_LDFLAGS = (
					"-framework",
					SenTestingKit,
				);
				PRODUCT_NAME = "$(TARGET_NAME)";
				TEST_HOST = "$(BUNDLE_LOADER)";
				WRAPPER_EXTENSION = octest;
			};
			name = Debug;
		};
		67F97A4313F5D947003C012C /* Release */ = {
			isa = XCBuildConfiguration;
			buildSettings = {
				ALWAYS_SEARCH_USER_PATHS = NO;
				BUNDLE_LOADER = "$(BUILT_PRODUCTS_DIR)/zTutor.app/zTutor";
				FRAMEWORK_SEARCH_PATHS = (
					"$(SDKROOT)/Developer/Library/Frameworks",
					"$(DEVELOPER_LIBRARY_DIR)/Frameworks",
				);
				GCC_PRECOMPILE_PREFIX_HEADER = YES;
				GCC_PREFIX_HEADER = "zTutorTests/zTutorTests-Prefix.pch";
				INFOPLIST_FILE = "zTutorTests/zTutorTests-Info.plist";
				OTHER_LDFLAGS = (
					"-framework",
					SenTestingKit,
				);
				PRODUCT_NAME = "$(TARGET_NAME)";
				TEST_HOST = "$(BUNDLE_LOADER)";
				WRAPPER_EXTENSION = octest;
			};
			name = Release;
		};
/* End XCBuildConfiguration section */

/* Begin XCConfigurationList section */
		67F979FB13F5D947003C012C /* Build configuration list for PBXProject "zTutor" */ = {
			isa = XCConfigurationList;
			buildConfigurations = (
				67F97A3C13F5D947003C012C /* Debug */,
				67F97A3D13F5D947003C012C /* Release */,
			);
			defaultConfigurationIsVisible = 0;
			defaultConfigurationName = Release;
		};
		67F97A3E13F5D947003C012C /* Build configuration list for PBXNativeTarget "zTutor" */ = {
			isa = XCConfigurationList;
			buildConfigurations = (
				67F97A3F13F5D947003C012C /* Debug */,
				67F97A4013F5D947003C012C /* Release */,
			);
			defaultConfigurationIsVisible = 0;
			defaultConfigurationName = Release;
		};
		67F97A4113F5D947003C012C /* Build configuration list for PBXNativeTarget "zTutorTests" */ = {
			isa = XCConfigurationList;
			buildConfigurations = (
				67F97A4213F5D947003C012C /* Debug */,
				67F97A4313F5D947003C012C /* Release */,
			);
			defaultConfigurationIsVisible = 0;
			defaultConfigurationName = Release;
		};
/* End XCConfigurationList section */
	};
	rootObject = 67F979F813F5D947003C012C /* Project object */;
}
