// !$*UTF8*$!
{
	archiveVersion = 1;
	classes = {
	};
	objectVersion = 46;
	objects = {

/* Begin PBXBuildFile section */
		95D5F7313DF77533BE9181F5 /* UIKit.framework in Frameworks */ = {isa = PBXBuildFile; fileRef = 95D5F7313DF77533BE9181F4 /* UIKit.framework */; };
		95D5F7313DF77533BE9181F7 /* Foundation.framework in Frameworks */ = {isa = PBXBuildFile; fileRef = 95D5F7313DF77533BE9181F6 /* Foundation.framework */; };
		95D5F7313DF77533BE9181F9 /* CoreGraphics.framework in Frameworks */ = {isa = PBXBuildFile; fileRef = 95D5F7313DF77533BE9181F8 /* CoreGraphics.framework */; };
		95D5F7313DF77533BE9181FF /* InfoPlist.strings in Resources */ = {isa = PBXBuildFile; fileRef = 95D5F7313DF77533BE9181FE /* InfoPlist.strings */; };
		95D5F7313DF77533BE918202 /* main.m in Sources */ = {isa = PBXBuildFile; fileRef = 95D5F7313DF77533BE918201 /* main.m */; };
		95D5F7313DF77533BE918205 /* zTutorAppDelegate.m in Sources */ = {isa = PBXBuildFile; fileRef = 95D5F7313DF77533BE918204 /* zTutorAppDelegate.m */; };
		95D5F7313DF77533BE918208 /* MainWindow.xib in Resources */ = {isa = PBXBuildFile; fileRef = 95D5F7313DF77533BE918207 /* MainWindow.xib */; };
		95D5F7313DF77533BE918211 /* FirstView.xib in Resources */ = {isa = PBXBuildFile; fileRef = 95D5F7313DF77533BE918210 /* FirstView.xib */; };
		95D5F7313DF77533BE918214 /* SecondView.xib in Resources */ = {isa = PBXBuildFile; fileRef = 95D5F7313DF77533BE918213 /* SecondView.xib */; };
		95D5F7313DF77533BE91821E /* UIKit.framework in Frameworks */ = {isa = PBXBuildFile; fileRef = 95D5F7313DF77533BE9181F4 /* UIKit.framework */; };
		95D5F7313DF77533BE91821F /* Foundation.framework in Frameworks */ = {isa = PBXBuildFile; fileRef = 95D5F7313DF77533BE9181F6 /* Foundation.framework */; };
		95D5F7313DF77533BE918220 /* CoreGraphics.framework in Frameworks */ = {isa = PBXBuildFile; fileRef = 95D5F7313DF77533BE9181F8 /* CoreGraphics.framework */; };
		95D5F7313DF77533BE918228 /* InfoPlist.strings in Resources */ = {isa = PBXBuildFile; fileRef = 95D5F7313DF77533BE918227 /* InfoPlist.strings */; };
		95D5F7313DF77533BE91822C /* zTutorTests.m in Sources */ = {isa = PBXBuildFile; fileRef = 95D5F7313DF77533BE91822B /* zTutorTests.m */; };
		95D5F7313DF77533BE91822F /* BaseService.m in Sources */ = {isa = PBXBuildFile; fileRef = 95D5F7313DF77533BE91822E /* BaseService.m */; };
		95D5F7313DF77533BE918232 /* CardService.m in Sources */ = {isa = PBXBuildFile; fileRef = 95D5F7313DF77533BE918231 /* CardService.m */; };
		95D5F7313DF77533BE918235 /* DictionaryService.m in Sources */ = {isa = PBXBuildFile; fileRef = 95D5F7313DF77533BE918234 /* DictionaryService.m */; };
		95D5F7313DF77533BE918238 /* NetworkService.m in Sources */ = {isa = PBXBuildFile; fileRef = 95D5F7313DF77533BE918237 /* NetworkService.m */; };
		95D5F7313DF77533BE91823B /* ScheduleService.m in Sources */ = {isa = PBXBuildFile; fileRef = 95D5F7313DF77533BE91823A /* ScheduleService.m */; };
		95D5F7313DF77533BE91823E /* SearchService.m in Sources */ = {isa = PBXBuildFile; fileRef = 95D5F7313DF77533BE91823D /* SearchService.m */; };
		95D5F7313DF77533BE918241 /* SynchronizationService.m in Sources */ = {isa = PBXBuildFile; fileRef = 95D5F7313DF77533BE918240 /* SynchronizationService.m */; };
		95D5F7313DF77533BE918243 /* Tag.png in Resources */ = {isa = PBXBuildFile; fileRef = 95D5F7313DF77533BE918242 /* Tag.png */; };
		95D5F7313DF77533BE918245 /* SearchViewController.m in Sources */ = {isa = PBXBuildFile; fileRef = 95D5F7313DF77533BE918244 /* SearchViewController.m */; };
		95D5F7313DF77533BE918248 /* LearnViewController.m in Sources */ = {isa = PBXBuildFile; fileRef = 95D5F7313DF77533BE918247 /* LearnViewController.m */; };
		95D5F7313DF77533BE91824D /* Search.png in Resources */ = {isa = PBXBuildFile; fileRef = 95D5F7313DF77533BE91824C /* Search.png */; };
		95D5F7313DF77533BE918250 /* TranslateViewController.m in Sources */ = {isa = PBXBuildFile; fileRef = 95D5F7313DF77533BE91824F /* TranslateViewController.m */; };
/* End PBXBuildFile section */

/* Begin PBXContainerItemProxy section */
		95D5F7313DF77533BE918221 /* PBXContainerItemProxy */ = {
			isa = PBXContainerItemProxy;
			containerPortal = 95D5F7313DF77533BE9181E5 /* Project object */;
			proxyType = 1;
			remoteGlobalIDString = 95D5F7313DF77533BE9181EC;
			remoteInfo = zTutor;
		};
/* End PBXContainerItemProxy section */

/* Begin PBXFileReference section */
		95D5F7313DF77533BE9181EB /* zTutor.app */ = {isa = PBXFileReference; explicitFileType = wrapper.application; includeInIndex = 0; path = zTutor.app; sourceTree = BUILT_PRODUCTS_DIR; };
		95D5F7313DF77533BE9181F4 /* UIKit.framework */ = {isa = PBXFileReference; lastKnownFileType = wrapper.framework; name = UIKit.framework; path = System/Library/Frameworks/UIKit.framework; sourceTree = SDKROOT; };
		95D5F7313DF77533BE9181F6 /* Foundation.framework */ = {isa = PBXFileReference; lastKnownFileType = wrapper.framework; name = Foundation.framework; path = System/Library/Frameworks/Foundation.framework; sourceTree = SDKROOT; };
		95D5F7313DF77533BE9181F8 /* CoreGraphics.framework */ = {isa = PBXFileReference; lastKnownFileType = wrapper.framework; name = CoreGraphics.framework; path = System/Library/Frameworks/CoreGraphics.framework; sourceTree = SDKROOT; };
		95D5F7313DF77533BE9181FC /* zTutor-Info.plist */ = {isa = PBXFileReference; lastKnownFileType = text.plist; path = "zTutor-Info.plist"; sourceTree = "<group>"; };
		95D5F7313DF77533BE9181FD /* en */ = {isa = PBXFileReference; lastKnownFileType = text.plist.strings; name = en; path = en.lproj/InfoPlist.strings; sourceTree = "<group>"; };
		95D5F7313DF77533BE918200 /* zTutor-Prefix.pch */ = {isa = PBXFileReference; lastKnownFileType = sourcecode.c.h; path = "zTutor-Prefix.pch"; sourceTree = "<group>"; };
		95D5F7313DF77533BE918201 /* main.m */ = {isa = PBXFileReference; lastKnownFileType = sourcecode.c.objc; path = main.m; sourceTree = "<group>"; };
		95D5F7313DF77533BE918203 /* zTutorAppDelegate.h */ = {isa = PBXFileReference; lastKnownFileType = sourcecode.c.h; path = zTutorAppDelegate.h; sourceTree = "<group>"; };
		95D5F7313DF77533BE918204 /* zTutorAppDelegate.m */ = {isa = PBXFileReference; lastKnownFileType = sourcecode.c.objc; path = zTutorAppDelegate.m; sourceTree = "<group>"; };
		95D5F7313DF77533BE918215 /* zTutorTests.octest */ = {isa = PBXFileReference; explicitFileType = wrapper.cfbundle; includeInIndex = 0; path = zTutorTests.octest; sourceTree = BUILT_PRODUCTS_DIR; };
		95D5F7313DF77533BE918225 /* zTutorTests-Info.plist */ = {isa = PBXFileReference; lastKnownFileType = text.plist; path = "zTutorTests-Info.plist"; sourceTree = "<group>"; };
		95D5F7313DF77533BE918226 /* en */ = {isa = PBXFileReference; lastKnownFileType = text.plist.strings; name = en; path = en.lproj/InfoPlist.strings; sourceTree = "<group>"; };
		95D5F7313DF77533BE918229 /* zTutorTests-Prefix.pch */ = {isa = PBXFileReference; lastKnownFileType = sourcecode.c.h; path = "zTutorTests-Prefix.pch"; sourceTree = "<group>"; };
		95D5F7313DF77533BE91822A /* zTutorTests.h */ = {isa = PBXFileReference; lastKnownFileType = sourcecode.c.h; path = zTutorTests.h; sourceTree = "<group>"; };
		95D5F7313DF77533BE91822B /* zTutorTests.m */ = {isa = PBXFileReference; lastKnownFileType = sourcecode.c.objc; path = zTutorTests.m; sourceTree = "<group>"; };
		95D5F7313DF77533BE91822D /* BaseService.h */ = {isa = PBXFileReference; lastKnownFileType = sourcecode.c.h; name = BaseService.h; path = services/BaseService.h; sourceTree = "<group>"; };
		95D5F7313DF77533BE91822E /* BaseService.m */ = {isa = PBXFileReference; lastKnownFileType = sourcecode.c.objc; name = BaseService.m; path = services/BaseService.m; sourceTree = "<group>"; };
		95D5F7313DF77533BE918230 /* CardService.h */ = {isa = PBXFileReference; lastKnownFileType = sourcecode.c.h; name = CardService.h; path = services/CardService.h; sourceTree = "<group>"; };
		95D5F7313DF77533BE918231 /* CardService.m */ = {isa = PBXFileReference; lastKnownFileType = sourcecode.c.objc; name = CardService.m; path = services/CardService.m; sourceTree = "<group>"; };
		95D5F7313DF77533BE918233 /* DictionaryService.h */ = {isa = PBXFileReference; lastKnownFileType = sourcecode.c.h; name = DictionaryService.h; path = services/DictionaryService.h; sourceTree = "<group>"; };
		95D5F7313DF77533BE918234 /* DictionaryService.m */ = {isa = PBXFileReference; lastKnownFileType = sourcecode.c.objc; name = DictionaryService.m; path = services/DictionaryService.m; sourceTree = "<group>"; };
		95D5F7313DF77533BE918236 /* NetworkService.h */ = {isa = PBXFileReference; lastKnownFileType = sourcecode.c.h; name = NetworkService.h; path = services/NetworkService.h; sourceTree = "<group>"; };
		95D5F7313DF77533BE918237 /* NetworkService.m */ = {isa = PBXFileReference; lastKnownFileType = sourcecode.c.objc; name = NetworkService.m; path = services/NetworkService.m; sourceTree = "<group>"; };
		95D5F7313DF77533BE918239 /* ScheduleService.h */ = {isa = PBXFileReference; lastKnownFileType = sourcecode.c.h; name = ScheduleService.h; path = services/ScheduleService.h; sourceTree = "<group>"; };
		95D5F7313DF77533BE91823A /* ScheduleService.m */ = {isa = PBXFileReference; lastKnownFileType = sourcecode.c.objc; name = ScheduleService.m; path = services/ScheduleService.m; sourceTree = "<group>"; };
		95D5F7313DF77533BE91823C /* SearchService.h */ = {isa = PBXFileReference; lastKnownFileType = sourcecode.c.h; name = SearchService.h; path = services/SearchService.h; sourceTree = "<group>"; };
		95D5F7313DF77533BE91823D /* SearchService.m */ = {isa = PBXFileReference; lastKnownFileType = sourcecode.c.objc; name = SearchService.m; path = services/SearchService.m; sourceTree = "<group>"; };
		95D5F7313DF77533BE91823F /* SynchronizationService.h */ = {isa = PBXFileReference; lastKnownFileType = sourcecode.c.h; name = SynchronizationService.h; path = services/SynchronizationService.h; sourceTree = "<group>"; };
		95D5F7313DF77533BE918240 /* SynchronizationService.m */ = {isa = PBXFileReference; lastKnownFileType = sourcecode.c.objc; name = SynchronizationService.m; path = services/SynchronizationService.m; sourceTree = "<group>"; };
		95D5F7313DF77533BE918242 /* Tag.png */ = {isa = PBXFileReference; lastKnownFileType = image.png; name = Tag.png; path = resources/Tag.png; sourceTree = "<group>"; };
		95D5F7313DF77533BE918244 /* SearchViewController.m */ = {isa = PBXFileReference; lastKnownFileType = sourcecode.c.objc; name = SearchViewController.m; path = viewControllers/SearchViewController.m; sourceTree = "<group>"; };
		95D5F7313DF77533BE918246 /* SearchViewController.h */ = {isa = PBXFileReference; lastKnownFileType = sourcecode.c.h; name = SearchViewController.h; path = viewControllers/SearchViewController.h; sourceTree = "<group>"; };
		95D5F7313DF77533BE918247 /* LearnViewController.m */ = {isa = PBXFileReference; lastKnownFileType = sourcecode.c.objc; name = LearnViewController.m; path = viewControllers/LearnViewController.m; sourceTree = "<group>"; };
		95D5F7313DF77533BE918249 /* LearnViewController.h */ = {isa = PBXFileReference; lastKnownFileType = sourcecode.c.h; name = LearnViewController.h; path = viewControllers/LearnViewController.h; sourceTree = "<group>"; };
		95D5F7313DF77533BE91824C /* Search.png */ = {isa = PBXFileReference; lastKnownFileType = image.png; name = Search.png; path = resources/Search.png; sourceTree = "<group>"; };
		95D5F7313DF77533BE91824E /* TranslateViewController.h */ = {isa = PBXFileReference; lastKnownFileType = sourcecode.c.h; name = TranslateViewController.h; path = viewControllers/TranslateViewController.h; sourceTree = "<group>"; };
		95D5F7313DF77533BE91824F /* TranslateViewController.m */ = {isa = PBXFileReference; lastKnownFileType = sourcecode.c.objc; name = TranslateViewController.m; path = viewControllers/TranslateViewController.m; sourceTree = "<group>"; };
/* End PBXFileReference section */

/* Begin PBXFrameworksBuildPhase section */
		95D5F7313DF77533BE9181F1 /* Frameworks */ = {
			isa = PBXFrameworksBuildPhase;
			buildActionMask = 2147483647;
			files = (
				95D5F7313DF77533BE9181F5 /* UIKit.framework in Frameworks */,
				95D5F7313DF77533BE9181F7 /* Foundation.framework in Frameworks */,
				95D5F7313DF77533BE9181F9 /* CoreGraphics.framework in Frameworks */,
			);
		};
		95D5F7313DF77533BE91821B /* Frameworks */ = {
			isa = PBXFrameworksBuildPhase;
			buildActionMask = 2147483647;
			files = (
				95D5F7313DF77533BE91821E /* UIKit.framework in Frameworks */,
				95D5F7313DF77533BE91821F /* Foundation.framework in Frameworks */,
				95D5F7313DF77533BE918220 /* CoreGraphics.framework in Frameworks */,
			);
		};
/* End PBXFrameworksBuildPhase section */

/* Begin PBXGroup section */
		95D5F7313DF77533BE9181E7 = {
			isa = PBXGroup;
			children = (
				95D5F7313DF77533BE9181E8 /* Products */,
				95D5F7313DF77533BE9181F3 /* Frameworks */,
				95D5F7313DF77533BE9181FA /* zTutor */,
				95D5F7313DF77533BE918223 /* zTutorTests */,
			);
			sourceTree = "<group>";
		};
		95D5F7313DF77533BE9181E8 /* Products */ = {
			isa = PBXGroup;
			children = (
				95D5F7313DF77533BE9181EB /* zTutor.app */,
				95D5F7313DF77533BE918215 /* zTutorTests.octest */,
			);
			name = Products;
			sourceTree = "<group>";
		};
		95D5F7313DF77533BE9181F3 /* Frameworks */ = {
			isa = PBXGroup;
			children = (
				95D5F7313DF77533BE9181F8 /* CoreGraphics.framework */,
				95D5F7313DF77533BE9181F6 /* Foundation.framework */,
				95D5F7313DF77533BE9181F4 /* UIKit.framework */,
			);
			name = Frameworks;
			sourceTree = "<group>";
		};
		95D5F7313DF77533BE9181FA /* zTutor */ = {
			isa = PBXGroup;
			children = (
				95D5F7313DF77533BE91824F /* TranslateViewController.m */,
				95D5F7313DF77533BE91824E /* TranslateViewController.h */,
				95D5F7313DF77533BE91824C /* Search.png */,
				95D5F7313DF77533BE918249 /* LearnViewController.h */,
				95D5F7313DF77533BE918247 /* LearnViewController.m */,
				95D5F7313DF77533BE918246 /* SearchViewController.h */,
				95D5F7313DF77533BE918244 /* SearchViewController.m */,
				95D5F7313DF77533BE918242 /* Tag.png */,
				95D5F7313DF77533BE918240 /* SynchronizationService.m */,
				95D5F7313DF77533BE91823F /* SynchronizationService.h */,
				95D5F7313DF77533BE91823D /* SearchService.m */,
				95D5F7313DF77533BE91823C /* SearchService.h */,
				95D5F7313DF77533BE91823A /* ScheduleService.m */,
				95D5F7313DF77533BE918239 /* ScheduleService.h */,
				95D5F7313DF77533BE918237 /* NetworkService.m */,
				95D5F7313DF77533BE918236 /* NetworkService.h */,
				95D5F7313DF77533BE918234 /* DictionaryService.m */,
				95D5F7313DF77533BE918233 /* DictionaryService.h */,
				95D5F7313DF77533BE918231 /* CardService.m */,
				95D5F7313DF77533BE918230 /* CardService.h */,
				95D5F7313DF77533BE91822E /* BaseService.m */,
				95D5F7313DF77533BE91822D /* BaseService.h */,
				95D5F7313DF77533BE918213 /* SecondView.xib */,
				95D5F7313DF77533BE918210 /* FirstView.xib */,
				95D5F7313DF77533BE918207 /* MainWindow.xib */,
				95D5F7313DF77533BE918204 /* zTutorAppDelegate.m */,
				95D5F7313DF77533BE918203 /* zTutorAppDelegate.h */,
				95D5F7313DF77533BE9181FB /* Supporting Files */,
			);
			path = zTutor;
			sourceTree = "<group>";
		};
		95D5F7313DF77533BE9181FB /* Supporting Files */ = {
			isa = PBXGroup;
			children = (
				95D5F7313DF77533BE918201 /* main.m */,
				95D5F7313DF77533BE918200 /* zTutor-Prefix.pch */,
				95D5F7313DF77533BE9181FE /* InfoPlist.strings */,
				95D5F7313DF77533BE9181FC /* zTutor-Info.plist */,
			);
			name = "Supporting Files";
			sourceTree = "<group>";
		};
		95D5F7313DF77533BE918223 /* zTutorTests */ = {
			isa = PBXGroup;
			children = (
				95D5F7313DF77533BE91822B /* zTutorTests.m */,
				95D5F7313DF77533BE91822A /* zTutorTests.h */,
				95D5F7313DF77533BE918224 /* Supporting Files */,
			);
			path = zTutorTests;
			sourceTree = "<group>";
		};
		95D5F7313DF77533BE918224 /* Supporting Files */ = {
			isa = PBXGroup;
			children = (
				95D5F7313DF77533BE918229 /* zTutorTests-Prefix.pch */,
				95D5F7313DF77533BE918227 /* InfoPlist.strings */,
				95D5F7313DF77533BE918225 /* zTutorTests-Info.plist */,
			);
			name = "Supporting Files";
			sourceTree = "<group>";
		};
/* End PBXGroup section */

/* Begin PBXNativeTarget section */
		95D5F7313DF77533BE9181EC /* zTutor */ = {
			isa = PBXNativeTarget;
			buildConfigurationList = 95D5F7313DF77533BE9181ED /* Build configuration list for PBXNativeTarget "zTutor" */;
			buildPhases = (
				95D5F7313DF77533BE9181F0 /* Sources */,
				95D5F7313DF77533BE9181F1 /* Frameworks */,
				95D5F7313DF77533BE9181F2 /* Resources */,
			);
			buildRules = (
			);
			dependencies = (
			);
			name = zTutor;
			productName = zTutor;
			productReference = 95D5F7313DF77533BE9181EB /* zTutor.app */;
			productType = "com.apple.product-type.application";
		};
		95D5F7313DF77533BE918216 /* zTutorTests */ = {
			isa = PBXNativeTarget;
			buildConfigurationList = 95D5F7313DF77533BE918217 /* Build configuration list for PBXNativeTarget "zTutorTests" */;
			buildPhases = (
				95D5F7313DF77533BE91821A /* Sources */,
				95D5F7313DF77533BE91821B /* Frameworks */,
				95D5F7313DF77533BE91821C /* Resources */,
				95D5F7313DF77533BE91821D /* ShellScript */,
			);
			buildRules = (
			);
			dependencies = (
				95D5F7313DF77533BE918222 /* PBXTargetDependency */,
			);
			name = zTutorTests;
			productName = zTutorTests;
			productReference = 95D5F7313DF77533BE918215 /* zTutorTests.octest */;
			productType = "com.apple.product-type.bundle";
		};
/* End PBXNativeTarget section */

/* Begin PBXProject section */
		95D5F7313DF77533BE9181E5 /* Project object */ = {
			isa = PBXProject;
			buildConfigurationList = 95D5F7313DF77533BE9181E6 /* Build configuration list for PBXProject "zTutor" */;
			compatibilityVersion = "Xcode 3.2";
			developmentRegion = English;
			hasScannedForEncodings = 0;
			knownRegions = (
				en,
			);
			mainGroup = 95D5F7313DF77533BE9181E7;
			productRefGroup = 95D5F7313DF77533BE9181E8 /* Products */;
			projectDirPath = "";
			projectRoot = "";
			targets = (
				95D5F7313DF77533BE9181EC /* zTutor */,
				95D5F7313DF77533BE918216 /* zTutorTests */,
			);
		};
/* End PBXProject section */

/* Begin PBXResourcesBuildPhase section */
		95D5F7313DF77533BE9181F2 /* Resources */ = {
			isa = PBXResourcesBuildPhase;
			buildActionMask = 2147483647;
			files = (
				95D5F7313DF77533BE9181FF /* InfoPlist.strings in Resources */,
				95D5F7313DF77533BE918208 /* MainWindow.xib in Resources */,
				95D5F7313DF77533BE918211 /* FirstView.xib in Resources */,
				95D5F7313DF77533BE918214 /* SecondView.xib in Resources */,
				95D5F7313DF77533BE918243 /* Tag.png in Resources */,
				95D5F7313DF77533BE91824D /* Search.png in Resources */,
			);
		};
		95D5F7313DF77533BE91821C /* Resources */ = {
			isa = PBXResourcesBuildPhase;
			buildActionMask = 2147483647;
			files = (
				95D5F7313DF77533BE918228 /* InfoPlist.strings in Resources */,
			);
		};
/* End PBXResourcesBuildPhase section */

/* Begin PBXShellScriptBuildPhase section */
		95D5F7313DF77533BE91821D /* ShellScript */ = {
			isa = PBXShellScriptBuildPhase;
			buildActionMask = 2147483647;
			files = (
			);
			shellPath = /bin/sh;
			shellScript = "# Run the unit tests in this test bundle.\n\"${SYSTEM_DEVELOPER_DIR}/Tools/RunUnitTests\"\n";
		};
/* End PBXShellScriptBuildPhase section */

/* Begin PBXSourcesBuildPhase section */
		95D5F7313DF77533BE9181F0 /* Sources */ = {
			isa = PBXSourcesBuildPhase;
			buildActionMask = 2147483647;
			files = (
				95D5F7313DF77533BE918202 /* main.m in Sources */,
				95D5F7313DF77533BE918205 /* zTutorAppDelegate.m in Sources */,
				95D5F7313DF77533BE91822F /* BaseService.m in Sources */,
				95D5F7313DF77533BE918232 /* CardService.m in Sources */,
				95D5F7313DF77533BE918235 /* DictionaryService.m in Sources */,
				95D5F7313DF77533BE918238 /* NetworkService.m in Sources */,
				95D5F7313DF77533BE91823B /* ScheduleService.m in Sources */,
				95D5F7313DF77533BE91823E /* SearchService.m in Sources */,
				95D5F7313DF77533BE918241 /* SynchronizationService.m in Sources */,
				95D5F7313DF77533BE918245 /* SearchViewController.m in Sources */,
				95D5F7313DF77533BE918248 /* LearnViewController.m in Sources */,
				95D5F7313DF77533BE918250 /* TranslateViewController.m in Sources */,
			);
		};
		95D5F7313DF77533BE91821A /* Sources */ = {
			isa = PBXSourcesBuildPhase;
			buildActionMask = 2147483647;
			files = (
				95D5F7313DF77533BE91822C /* zTutorTests.m in Sources */,
			);
		};
/* End PBXSourcesBuildPhase section */

/* Begin PBXTargetDependency section */
		95D5F7313DF77533BE918222 /* PBXTargetDependency */ = {
			isa = PBXTargetDependency;
			target = 95D5F7313DF77533BE9181EC /* zTutor */;
			targetProxy = 95D5F7313DF77533BE918221 /* PBXContainerItemProxy */;
		};
/* End PBXTargetDependency section */

/* Begin PBXVariantGroup section */
		95D5F7313DF77533BE9181FE /* InfoPlist.strings */ = {
			isa = PBXVariantGroup;
			children = (
				95D5F7313DF77533BE9181FD /* en */,
			);
			name = InfoPlist.strings;
			sourceTree = "<group>";
		};
		95D5F7313DF77533BE918207 /* MainWindow.xib */ = {
			isa = PBXVariantGroup;
			children = (
			);
			name = MainWindow.xib;
			sourceTree = "<group>";
		};
		95D5F7313DF77533BE918210 /* FirstView.xib */ = {
			isa = PBXVariantGroup;
			children = (
			);
			name = FirstView.xib;
			sourceTree = "<group>";
		};
		95D5F7313DF77533BE918213 /* SecondView.xib */ = {
			isa = PBXVariantGroup;
			children = (
			);
			name = SecondView.xib;
			sourceTree = "<group>";
		};
		95D5F7313DF77533BE918227 /* InfoPlist.strings */ = {
			isa = PBXVariantGroup;
			children = (
				95D5F7313DF77533BE918226 /* en */,
			);
			name = InfoPlist.strings;
			sourceTree = "<group>";
		};
/* End PBXVariantGroup section */

/* Begin XCBuildConfiguration section */
		95D5F7313DF77533BE9181E9 /* Release */ = {
			isa = XCBuildConfiguration;
			buildSettings = {
				ARCHS = "$(ARCHS_STANDARD_32_BIT)";
				"CODE_SIGN_IDENTITY[sdk=iphoneos*]" = "iPhone Developer";
				GCC_C_LANGUAGE_STANDARD = gnu99;
				GCC_VERSION = com.apple.compilers.llvmgcc42;
				GCC_WARN_ABOUT_RETURN_TYPE = YES;
				GCC_WARN_UNUSED_VARIABLE = YES;
				IPHONEOS_DEPLOYMENT_TARGET = 4.3;
				OTHER_CFLAGS = "-DNS_BLOCK_ASSERTIONS=1";
				SDKROOT = iphoneos;
			};
			name = Release;
		};
		95D5F7313DF77533BE9181EA /* Debug */ = {
			isa = XCBuildConfiguration;
			buildSettings = {
				ARCHS = "$(ARCHS_STANDARD_32_BIT)";
				"CODE_SIGN_IDENTITY[sdk=iphoneos*]" = "iPhone Developer";
				GCC_C_LANGUAGE_STANDARD = gnu99;
				GCC_OPTIMIZATION_LEVEL = 0;
				GCC_PREPROCESSOR_DEFINITIONS = DEBUG;
				GCC_SYMBOLS_PRIVATE_EXTERN = NO;
				GCC_VERSION = com.apple.compilers.llvmgcc42;
				GCC_WARN_ABOUT_RETURN_TYPE = YES;
				GCC_WARN_UNUSED_VARIABLE = YES;
				IPHONEOS_DEPLOYMENT_TARGET = 4.3;
				SDKROOT = iphoneos;
			};
			name = Debug;
		};
		95D5F7313DF77533BE9181EE /* Release */ = {
			isa = XCBuildConfiguration;
			buildSettings = {
				ALWAYS_SEARCH_USER_PATHS = NO;
				COPY_PHASE_STRIP = YES;
				GCC_PRECOMPILE_PREFIX_HEADER = YES;
				GCC_PREFIX_HEADER = "zTutor/zTutor-Prefix.pch";
				INFOPLIST_FILE = "zTutor/zTutor-Info.plist";
				PRODUCT_NAME = "$(TARGET_NAME)";
				VALIDATE_PRODUCT = YES;
				WRAPPER_EXTENSION = app;
			};
			name = Release;
		};
		95D5F7313DF77533BE9181EF /* Debug */ = {
			isa = XCBuildConfiguration;
			buildSettings = {
				ALWAYS_SEARCH_USER_PATHS = NO;
				COPY_PHASE_STRIP = NO;
				GCC_DYNAMIC_NO_PIC = NO;
				GCC_PRECOMPILE_PREFIX_HEADER = YES;
				GCC_PREFIX_HEADER = "zTutor/zTutor-Prefix.pch";
				INFOPLIST_FILE = "zTutor/zTutor-Info.plist";
				PRODUCT_NAME = "$(TARGET_NAME)";
				WRAPPER_EXTENSION = app;
			};
			name = Debug;
		};
		95D5F7313DF77533BE918218 /* Release */ = {
			isa = XCBuildConfiguration;
			buildSettings = {
				ALWAYS_SEARCH_USER_PATHS = NO;
				BUNDLE_LOADER = "$(BUILT_PRODUCTS_DIR)/zTutor.app/zTutor";
				FRAMEWORK_SEARCH_PATHS = (
					"$(SDKROOT)/Developer/Library/Frameworks",
					"$(DEVELOPER_LIBRARY_DIR)/Frameworks",
				);
				GCC_PRECOMPILE_PREFIX_HEADER = YES;
				GCC_PREFIX_HEADER = "zTutorTests/zTutorTests-Prefix.pch";
				INFOPLIST_FILE = "zTutorTests/zTutorTests-Info.plist";
				OTHER_LDFLAGS = (
					"-framework",
					SenTestingKit,
				);
				PRODUCT_NAME = "$(TARGET_NAME)";
				TEST_HOST = "$(BUNDLE_LOADER)";
				WRAPPER_EXTENSION = octest;
			};
			name = Release;
		};
		95D5F7313DF77533BE918219 /* Debug */ = {
			isa = XCBuildConfiguration;
			buildSettings = {
				ALWAYS_SEARCH_USER_PATHS = NO;
				BUNDLE_LOADER = "$(BUILT_PRODUCTS_DIR)/zTutor.app/zTutor";
				FRAMEWORK_SEARCH_PATHS = (
					"$(SDKROOT)/Developer/Library/Frameworks",
					"$(DEVELOPER_LIBRARY_DIR)/Frameworks",
				);
				GCC_PRECOMPILE_PREFIX_HEADER = YES;
				GCC_PREFIX_HEADER = "zTutorTests/zTutorTests-Prefix.pch";
				INFOPLIST_FILE = "zTutorTests/zTutorTests-Info.plist";
				OTHER_LDFLAGS = (
					"-framework",
					SenTestingKit,
				);
				PRODUCT_NAME = "$(TARGET_NAME)";
				TEST_HOST = "$(BUNDLE_LOADER)";
				WRAPPER_EXTENSION = octest;
			};
			name = Debug;
		};
/* End XCBuildConfiguration section */

/* Begin XCConfigurationList section */
		95D5F7313DF77533BE9181E6 /* Build configuration list for PBXProject "zTutor" */ = {
			isa = XCConfigurationList;
			buildConfigurations = (
				95D5F7313DF77533BE9181E9 /* Release */,
				95D5F7313DF77533BE9181EA /* Debug */,
			);
			defaultConfigurationIsVisible = 0;
			defaultConfigurationName = Release;
		};
		95D5F7313DF77533BE9181ED /* Build configuration list for PBXNativeTarget "zTutor" */ = {
			isa = XCConfigurationList;
			buildConfigurations = (
				95D5F7313DF77533BE9181EE /* Release */,
				95D5F7313DF77533BE9181EF /* Debug */,
			);
			defaultConfigurationIsVisible = 0;
		};
		95D5F7313DF77533BE918217 /* Build configuration list for PBXNativeTarget "zTutorTests" */ = {
			isa = XCConfigurationList;
			buildConfigurations = (
				95D5F7313DF77533BE918218 /* Release */,
				95D5F7313DF77533BE918219 /* Debug */,
			);
			defaultConfigurationIsVisible = 0;
		};
/* End XCConfigurationList section */
	};
	rootObject = 95D5F7313DF77533BE9181E5 /* Project object */;
}
